
Microsoft Visual Studio Solution File, Format Version 12.00
# Visual Studio Version 17
VisualStudioVersion = 17.5.33627.172
MinimumVisualStudioVersion = 10.0.40219.1
Project("{FAE04EC0-301F-11D3-BF4B-00C04F79EFBC}") = "Aplicação_condicional", "Aplicação_condicional\Aplicação_condicional.csproj", "{340ED2E0-8A14-42AF-B5A3-DC30F89C5482}"
EndProject
Global
	GlobalSection(SolutionConfigurationPlatforms) = preSolution
		Debug|Any CPU = Debug|Any CPU
		Release|Any CPU = Release|Any CPU
	EndGlobalSection
	GlobalSection(ProjectConfigurationPlatforms) = postSolution
		{340ED2E0-8A14-42AF-B5A3-DC30F89C5482}.Debug|Any CPU.ActiveCfg = Debug|Any CPU
		{340ED2E0-8A14-42AF-B5A3-DC30F89C5482}.Debug|Any CPU.Build.0 = Debug|Any CPU
		{340ED2E0-8A14-42AF-B5A3-DC30F89C5482}.Release|Any CPU.ActiveCfg = Release|Any CPU
		{340ED2E0-8A14-42AF-B5A3-DC30F89C5482}.Release|Any CPU.Build.0 = Release|Any CPU
	EndGlobalSection
	GlobalSection(SolutionProperties) = preSolution
		HideSolutionNode = FALSE
	EndGlobalSection
	GlobalSection(ExtensibilityGlobals) = postSolution
		SolutionGuid = {A39FD22F-49B9-4E31-97F2-D2FF213CB7AA}
	EndGlobalSection
EndGlobal
